// !$*UTF8*$!
{
	archiveVersion = 1;
	classes = {
	};
	objectVersion = 56;
	objects = {

/* Begin PBXBuildFile section */
		4002BA452B4FC63C00EB7A77 /* SearchBar.swift in Sources */ = {isa = PBXBuildFile; fileRef = 4002BA442B4FC63C00EB7A77 /* SearchBar.swift */; };
		407CA0FA2B4ED1BE004BE8F8 /* ImgurGallerySearchSwiftUIApp.swift in Sources */ = {isa = PBXBuildFile; fileRef = 407CA0F92B4ED1BE004BE8F8 /* ImgurGallerySearchSwiftUIApp.swift */; };
		407CA0FE2B4ED1C0004BE8F8 /* Assets.xcassets in Resources */ = {isa = PBXBuildFile; fileRef = 407CA0FD2B4ED1C0004BE8F8 /* Assets.xcassets */; };
		407CA1012B4ED1C0004BE8F8 /* Preview Assets.xcassets in Resources */ = {isa = PBXBuildFile; fileRef = 407CA1002B4ED1C0004BE8F8 /* Preview Assets.xcassets */; };
		407CA10B2B4ED1C0004BE8F8 /* ImgurGallerySearchSwiftUITests.swift in Sources */ = {isa = PBXBuildFile; fileRef = 407CA10A2B4ED1C0004BE8F8 /* ImgurGallerySearchSwiftUITests.swift */; };
		407CA1152B4ED1C0004BE8F8 /* ImgurGallerySearchSwiftUIUITests.swift in Sources */ = {isa = PBXBuildFile; fileRef = 407CA1142B4ED1C0004BE8F8 /* ImgurGallerySearchSwiftUIUITests.swift */; };
		407CA1172B4ED1C0004BE8F8 /* ImgurGallerySearchSwiftUIUITestsLaunchTests.swift in Sources */ = {isa = PBXBuildFile; fileRef = 407CA1162B4ED1C0004BE8F8 /* ImgurGallerySearchSwiftUIUITestsLaunchTests.swift */; };
		407CA1282B4EFC8A004BE8F8 /* HomeContentView.swift in Sources */ = {isa = PBXBuildFile; fileRef = 407CA1272B4EFC8A004BE8F8 /* HomeContentView.swift */; };
		407CA12A2B4EFD0E004BE8F8 /* HomeViewModel.swift in Sources */ = {isa = PBXBuildFile; fileRef = 407CA1292B4EFD0E004BE8F8 /* HomeViewModel.swift */; };
		407CA1322B4F1D4D004BE8F8 /* Date+Extension.swift in Sources */ = {isa = PBXBuildFile; fileRef = 407CA1312B4F1D4D004BE8F8 /* Date+Extension.swift */; };
		407CA13F2B4F20BC004BE8F8 /* EndPointType.swift in Sources */ = {isa = PBXBuildFile; fileRef = 407CA1352B4F20BC004BE8F8 /* EndPointType.swift */; };
		407CA1402B4F20BC004BE8F8 /* ImgurGalleryEndpoint.swift in Sources */ = {isa = PBXBuildFile; fileRef = 407CA1362B4F20BC004BE8F8 /* ImgurGalleryEndpoint.swift */; };
		407CA1422B4F20BC004BE8F8 /* Reachability.swift in Sources */ = {isa = PBXBuildFile; fileRef = 407CA13A2B4F20BC004BE8F8 /* Reachability.swift */; };
		407CA1432B4F20BC004BE8F8 /* Constant.swift in Sources */ = {isa = PBXBuildFile; fileRef = 407CA13C2B4F20BC004BE8F8 /* Constant.swift */; };
		407CA1442B4F20BC004BE8F8 /* APIManager.swift in Sources */ = {isa = PBXBuildFile; fileRef = 407CA13E2B4F20BC004BE8F8 /* APIManager.swift */; };
		407CA1472B4F2168004BE8F8 /* Alamofire in Frameworks */ = {isa = PBXBuildFile; productRef = 407CA1462B4F2168004BE8F8 /* Alamofire */; };
		407CA14C2B4F21DF004BE8F8 /* TagsEntity.swift in Sources */ = {isa = PBXBuildFile; fileRef = 407CA1482B4F21DF004BE8F8 /* TagsEntity.swift */; };
		407CA14D2B4F21DF004BE8F8 /* AlbumEntity.swift in Sources */ = {isa = PBXBuildFile; fileRef = 407CA1492B4F21DF004BE8F8 /* AlbumEntity.swift */; };
		407CA14E2B4F21DF004BE8F8 /* ImageEntity.swift in Sources */ = {isa = PBXBuildFile; fileRef = 407CA14A2B4F21DF004BE8F8 /* ImageEntity.swift */; };
		407CA14F2B4F21DF004BE8F8 /* GalleryDataEntity.swift in Sources */ = {isa = PBXBuildFile; fileRef = 407CA14B2B4F21DF004BE8F8 /* GalleryDataEntity.swift */; };
		407CA1542B4F2CEF004BE8F8 /* AsyncImageView.swift in Sources */ = {isa = PBXBuildFile; fileRef = 407CA1532B4F2CEF004BE8F8 /* AsyncImageView.swift */; };
		407CA1572B4F30BE004BE8F8 /* SDWebImageSwiftUI in Frameworks */ = {isa = PBXBuildFile; productRef = 407CA1562B4F30BE004BE8F8 /* SDWebImageSwiftUI */; };
/* End PBXBuildFile section */

/* Begin PBXContainerItemProxy section */
		407CA1072B4ED1C0004BE8F8 /* PBXContainerItemProxy */ = {
			isa = PBXContainerItemProxy;
			containerPortal = 407CA0EE2B4ED1BE004BE8F8 /* Project object */;
			proxyType = 1;
			remoteGlobalIDString = 407CA0F52B4ED1BE004BE8F8;
			remoteInfo = ImgurGallerySearchSwiftUI;
		};
		407CA1112B4ED1C0004BE8F8 /* PBXContainerItemProxy */ = {
			isa = PBXContainerItemProxy;
			containerPortal = 407CA0EE2B4ED1BE004BE8F8 /* Project object */;
			proxyType = 1;
			remoteGlobalIDString = 407CA0F52B4ED1BE004BE8F8;
			remoteInfo = ImgurGallerySearchSwiftUI;
		};
/* End PBXContainerItemProxy section */

/* Begin PBXFileReference section */
		4002BA442B4FC63C00EB7A77 /* SearchBar.swift */ = {isa = PBXFileReference; lastKnownFileType = sourcecode.swift; path = SearchBar.swift; sourceTree = "<group>"; };
		407CA0F62B4ED1BE004BE8F8 /* ImgurGallerySearchSwiftUI.app */ = {isa = PBXFileReference; explicitFileType = wrapper.application; includeInIndex = 0; path = ImgurGallerySearchSwiftUI.app; sourceTree = BUILT_PRODUCTS_DIR; };
		407CA0F92B4ED1BE004BE8F8 /* ImgurGallerySearchSwiftUIApp.swift */ = {isa = PBXFileReference; lastKnownFileType = sourcecode.swift; path = ImgurGallerySearchSwiftUIApp.swift; sourceTree = "<group>"; };
		407CA0FD2B4ED1C0004BE8F8 /* Assets.xcassets */ = {isa = PBXFileReference; lastKnownFileType = folder.assetcatalog; path = Assets.xcassets; sourceTree = "<group>"; };
		407CA1002B4ED1C0004BE8F8 /* Preview Assets.xcassets */ = {isa = PBXFileReference; lastKnownFileType = folder.assetcatalog; path = "Preview Assets.xcassets"; sourceTree = "<group>"; };
		407CA1062B4ED1C0004BE8F8 /* ImgurGallerySearchSwiftUITests.xctest */ = {isa = PBXFileReference; explicitFileType = wrapper.cfbundle; includeInIndex = 0; path = ImgurGallerySearchSwiftUITests.xctest; sourceTree = BUILT_PRODUCTS_DIR; };
		407CA10A2B4ED1C0004BE8F8 /* ImgurGallerySearchSwiftUITests.swift */ = {isa = PBXFileReference; lastKnownFileType = sourcecode.swift; path = ImgurGallerySearchSwiftUITests.swift; sourceTree = "<group>"; };
		407CA1102B4ED1C0004BE8F8 /* ImgurGallerySearchSwiftUIUITests.xctest */ = {isa = PBXFileReference; explicitFileType = wrapper.cfbundle; includeInIndex = 0; path = ImgurGallerySearchSwiftUIUITests.xctest; sourceTree = BUILT_PRODUCTS_DIR; };
		407CA1142B4ED1C0004BE8F8 /* ImgurGallerySearchSwiftUIUITests.swift */ = {isa = PBXFileReference; lastKnownFileType = sourcecode.swift; path = ImgurGallerySearchSwiftUIUITests.swift; sourceTree = "<group>"; };
		407CA1162B4ED1C0004BE8F8 /* ImgurGallerySearchSwiftUIUITestsLaunchTests.swift */ = {isa = PBXFileReference; lastKnownFileType = sourcecode.swift; path = ImgurGallerySearchSwiftUIUITestsLaunchTests.swift; sourceTree = "<group>"; };
		407CA1272B4EFC8A004BE8F8 /* HomeContentView.swift */ = {isa = PBXFileReference; lastKnownFileType = sourcecode.swift; path = HomeContentView.swift; sourceTree = "<group>"; };
		407CA1292B4EFD0E004BE8F8 /* HomeViewModel.swift */ = {isa = PBXFileReference; lastKnownFileType = sourcecode.swift; path = HomeViewModel.swift; sourceTree = "<group>"; };
		407CA1312B4F1D4D004BE8F8 /* Date+Extension.swift */ = {isa = PBXFileReference; fileEncoding = 4; lastKnownFileType = sourcecode.swift; path = "Date+Extension.swift"; sourceTree = "<group>"; };
		407CA1352B4F20BC004BE8F8 /* EndPointType.swift */ = {isa = PBXFileReference; fileEncoding = 4; lastKnownFileType = sourcecode.swift; path = EndPointType.swift; sourceTree = "<group>"; };
		407CA1362B4F20BC004BE8F8 /* ImgurGalleryEndpoint.swift */ = {isa = PBXFileReference; fileEncoding = 4; lastKnownFileType = sourcecode.swift; path = ImgurGalleryEndpoint.swift; sourceTree = "<group>"; };
		407CA13A2B4F20BC004BE8F8 /* Reachability.swift */ = {isa = PBXFileReference; fileEncoding = 4; lastKnownFileType = sourcecode.swift; path = Reachability.swift; sourceTree = "<group>"; };
		407CA13C2B4F20BC004BE8F8 /* Constant.swift */ = {isa = PBXFileReference; fileEncoding = 4; lastKnownFileType = sourcecode.swift; path = Constant.swift; sourceTree = "<group>"; };
		407CA13E2B4F20BC004BE8F8 /* APIManager.swift */ = {isa = PBXFileReference; fileEncoding = 4; lastKnownFileType = sourcecode.swift; path = APIManager.swift; sourceTree = "<group>"; };
		407CA1482B4F21DF004BE8F8 /* TagsEntity.swift */ = {isa = PBXFileReference; fileEncoding = 4; lastKnownFileType = sourcecode.swift; path = TagsEntity.swift; sourceTree = "<group>"; };
		407CA1492B4F21DF004BE8F8 /* AlbumEntity.swift */ = {isa = PBXFileReference; fileEncoding = 4; lastKnownFileType = sourcecode.swift; path = AlbumEntity.swift; sourceTree = "<group>"; };
		407CA14A2B4F21DF004BE8F8 /* ImageEntity.swift */ = {isa = PBXFileReference; fileEncoding = 4; lastKnownFileType = sourcecode.swift; path = ImageEntity.swift; sourceTree = "<group>"; };
		407CA14B2B4F21DF004BE8F8 /* GalleryDataEntity.swift */ = {isa = PBXFileReference; fileEncoding = 4; lastKnownFileType = sourcecode.swift; path = GalleryDataEntity.swift; sourceTree = "<group>"; };
		407CA1532B4F2CEF004BE8F8 /* AsyncImageView.swift */ = {isa = PBXFileReference; fileEncoding = 4; lastKnownFileType = sourcecode.swift; path = AsyncImageView.swift; sourceTree = "<group>"; };
/* End PBXFileReference section */

/* Begin PBXFrameworksBuildPhase section */
		407CA0F32B4ED1BE004BE8F8 /* Frameworks */ = {
			isa = PBXFrameworksBuildPhase;
			buildActionMask = 2147483647;
			files = (
				407CA1572B4F30BE004BE8F8 /* SDWebImageSwiftUI in Frameworks */,
				407CA1472B4F2168004BE8F8 /* Alamofire in Frameworks */,
			);
			runOnlyForDeploymentPostprocessing = 0;
		};
		407CA1032B4ED1C0004BE8F8 /* Frameworks */ = {
			isa = PBXFrameworksBuildPhase;
			buildActionMask = 2147483647;
			files = (
			);
			runOnlyForDeploymentPostprocessing = 0;
		};
		407CA10D2B4ED1C0004BE8F8 /* Frameworks */ = {
			isa = PBXFrameworksBuildPhase;
			buildActionMask = 2147483647;
			files = (
			);
			runOnlyForDeploymentPostprocessing = 0;
		};
/* End PBXFrameworksBuildPhase section */

/* Begin PBXGroup section */
		407CA0ED2B4ED1BE004BE8F8 = {
			isa = PBXGroup;
			children = (
				407CA0F82B4ED1BE004BE8F8 /* ImgurGallerySearchSwiftUI */,
				407CA1092B4ED1C0004BE8F8 /* ImgurGallerySearchSwiftUITests */,
				407CA1132B4ED1C0004BE8F8 /* ImgurGallerySearchSwiftUIUITests */,
				407CA0F72B4ED1BE004BE8F8 /* Products */,
			);
			sourceTree = "<group>";
		};
		407CA0F72B4ED1BE004BE8F8 /* Products */ = {
			isa = PBXGroup;
			children = (
				407CA0F62B4ED1BE004BE8F8 /* ImgurGallerySearchSwiftUI.app */,
				407CA1062B4ED1C0004BE8F8 /* ImgurGallerySearchSwiftUITests.xctest */,
				407CA1102B4ED1C0004BE8F8 /* ImgurGallerySearchSwiftUIUITests.xctest */,
			);
			name = Products;
			sourceTree = "<group>";
		};
		407CA0F82B4ED1BE004BE8F8 /* ImgurGallerySearchSwiftUI */ = {
			isa = PBXGroup;
			children = (
				407CA13B2B4F20BC004BE8F8 /* Constant */,
				407CA13D2B4F20BC004BE8F8 /* Service */,
				407CA1332B4F20BC004BE8F8 /* Utility */,
				407CA1302B4F1D27004BE8F8 /* Resources */,
				407CA12B2B4F1D21004BE8F8 /* Foundation */,
				407CA1232B4EFB7F004BE8F8 /* MVVM */,
				407CA0F92B4ED1BE004BE8F8 /* ImgurGallerySearchSwiftUIApp.swift */,
				407CA0FF2B4ED1C0004BE8F8 /* Preview Content */,
			);
			path = ImgurGallerySearchSwiftUI;
			sourceTree = "<group>";
		};
		407CA0FF2B4ED1C0004BE8F8 /* Preview Content */ = {
			isa = PBXGroup;
			children = (
				407CA1002B4ED1C0004BE8F8 /* Preview Assets.xcassets */,
			);
			path = "Preview Content";
			sourceTree = "<group>";
		};
		407CA1092B4ED1C0004BE8F8 /* ImgurGallerySearchSwiftUITests */ = {
			isa = PBXGroup;
			children = (
				407CA10A2B4ED1C0004BE8F8 /* ImgurGallerySearchSwiftUITests.swift */,
			);
			path = ImgurGallerySearchSwiftUITests;
			sourceTree = "<group>";
		};
		407CA1132B4ED1C0004BE8F8 /* ImgurGallerySearchSwiftUIUITests */ = {
			isa = PBXGroup;
			children = (
				407CA1142B4ED1C0004BE8F8 /* ImgurGallerySearchSwiftUIUITests.swift */,
				407CA1162B4ED1C0004BE8F8 /* ImgurGallerySearchSwiftUIUITestsLaunchTests.swift */,
			);
			path = ImgurGallerySearchSwiftUIUITests;
			sourceTree = "<group>";
		};
		407CA1232B4EFB7F004BE8F8 /* MVVM */ = {
			isa = PBXGroup;
			children = (
				407CA1242B4EFB7F004BE8F8 /* ViewModel */,
				407CA1252B4EFB7F004BE8F8 /* Model */,
				407CA1262B4EFB7F004BE8F8 /* View */,
			);
			path = MVVM;
			sourceTree = "<group>";
		};
		407CA1242B4EFB7F004BE8F8 /* ViewModel */ = {
			isa = PBXGroup;
			children = (
				407CA1292B4EFD0E004BE8F8 /* HomeViewModel.swift */,
			);
			path = ViewModel;
			sourceTree = "<group>";
		};
		407CA1252B4EFB7F004BE8F8 /* Model */ = {
			isa = PBXGroup;
			children = (
				407CA1492B4F21DF004BE8F8 /* AlbumEntity.swift */,
				407CA14B2B4F21DF004BE8F8 /* GalleryDataEntity.swift */,
				407CA14A2B4F21DF004BE8F8 /* ImageEntity.swift */,
				407CA1482B4F21DF004BE8F8 /* TagsEntity.swift */,
			);
			path = Model;
			sourceTree = "<group>";
		};
		407CA1262B4EFB7F004BE8F8 /* View */ = {
			isa = PBXGroup;
			children = (
				407CA1272B4EFC8A004BE8F8 /* HomeContentView.swift */,
			);
			path = View;
			sourceTree = "<group>";
		};
		407CA12B2B4F1D21004BE8F8 /* Foundation */ = {
			isa = PBXGroup;
			children = (
				407CA1502B4F2CB8004BE8F8 /* UICommon */,
				407CA12C2B4F1D21004BE8F8 /* Extensions */,
			);
			path = Foundation;
			sourceTree = "<group>";
		};
		407CA12C2B4F1D21004BE8F8 /* Extensions */ = {
			isa = PBXGroup;
			children = (
				407CA12D2B4F1D21004BE8F8 /* Swift */,
			);
			path = Extensions;
			sourceTree = "<group>";
		};
		407CA12D2B4F1D21004BE8F8 /* Swift */ = {
			isa = PBXGroup;
			children = (
				407CA1312B4F1D4D004BE8F8 /* Date+Extension.swift */,
			);
			path = Swift;
			sourceTree = "<group>";
		};
		407CA1302B4F1D27004BE8F8 /* Resources */ = {
			isa = PBXGroup;
			children = (
				407CA0FD2B4ED1C0004BE8F8 /* Assets.xcassets */,
			);
			path = Resources;
			sourceTree = "<group>";
		};
		407CA1332B4F20BC004BE8F8 /* Utility */ = {
			isa = PBXGroup;
			children = (
				407CA1342B4F20BC004BE8F8 /* EndPoints */,
				407CA1392B4F20BC004BE8F8 /* Reachability */,
			);
			path = Utility;
			sourceTree = "<group>";
		};
		407CA1342B4F20BC004BE8F8 /* EndPoints */ = {
			isa = PBXGroup;
			children = (
				407CA1352B4F20BC004BE8F8 /* EndPointType.swift */,
				407CA1362B4F20BC004BE8F8 /* ImgurGalleryEndpoint.swift */,
			);
			path = EndPoints;
			sourceTree = "<group>";
		};
		407CA1392B4F20BC004BE8F8 /* Reachability */ = {
			isa = PBXGroup;
			children = (
				407CA13A2B4F20BC004BE8F8 /* Reachability.swift */,
			);
			path = Reachability;
			sourceTree = "<group>";
		};
		407CA13B2B4F20BC004BE8F8 /* Constant */ = {
			isa = PBXGroup;
			children = (
				407CA13C2B4F20BC004BE8F8 /* Constant.swift */,
			);
			path = Constant;
			sourceTree = "<group>";
		};
		407CA13D2B4F20BC004BE8F8 /* Service */ = {
			isa = PBXGroup;
			children = (
				407CA13E2B4F20BC004BE8F8 /* APIManager.swift */,
			);
			path = Service;
			sourceTree = "<group>";
		};
		407CA1502B4F2CB8004BE8F8 /* UICommon */ = {
			isa = PBXGroup;
			children = (
				407CA1532B4F2CEF004BE8F8 /* AsyncImageView.swift */,
				4002BA442B4FC63C00EB7A77 /* SearchBar.swift */,
			);
			path = UICommon;
			sourceTree = "<group>";
		};
/* End PBXGroup section */

/* Begin PBXNativeTarget section */
		407CA0F52B4ED1BE004BE8F8 /* ImgurGallerySearchSwiftUI */ = {
			isa = PBXNativeTarget;
			buildConfigurationList = 407CA11A2B4ED1C0004BE8F8 /* Build configuration list for PBXNativeTarget "ImgurGallerySearchSwiftUI" */;
			buildPhases = (
				407CA0F22B4ED1BE004BE8F8 /* Sources */,
				407CA0F32B4ED1BE004BE8F8 /* Frameworks */,
				407CA0F42B4ED1BE004BE8F8 /* Resources */,
			);
			buildRules = (
			);
			dependencies = (
			);
			name = ImgurGallerySearchSwiftUI;
			packageProductDependencies = (
				407CA1462B4F2168004BE8F8 /* Alamofire */,
				407CA1562B4F30BE004BE8F8 /* SDWebImageSwiftUI */,
			);
			productName = ImgurGallerySearchSwiftUI;
			productReference = 407CA0F62B4ED1BE004BE8F8 /* ImgurGallerySearchSwiftUI.app */;
			productType = "com.apple.product-type.application";
		};
		407CA1052B4ED1C0004BE8F8 /* ImgurGallerySearchSwiftUITests */ = {
			isa = PBXNativeTarget;
			buildConfigurationList = 407CA11D2B4ED1C0004BE8F8 /* Build configuration list for PBXNativeTarget "ImgurGallerySearchSwiftUITests" */;
			buildPhases = (
				407CA1022B4ED1C0004BE8F8 /* Sources */,
				407CA1032B4ED1C0004BE8F8 /* Frameworks */,
				407CA1042B4ED1C0004BE8F8 /* Resources */,
			);
			buildRules = (
			);
			dependencies = (
				407CA1082B4ED1C0004BE8F8 /* PBXTargetDependency */,
			);
			name = ImgurGallerySearchSwiftUITests;
			productName = ImgurGallerySearchSwiftUITests;
			productReference = 407CA1062B4ED1C0004BE8F8 /* ImgurGallerySearchSwiftUITests.xctest */;
			productType = "com.apple.product-type.bundle.unit-test";
		};
		407CA10F2B4ED1C0004BE8F8 /* ImgurGallerySearchSwiftUIUITests */ = {
			isa = PBXNativeTarget;
			buildConfigurationList = 407CA1202B4ED1C0004BE8F8 /* Build configuration list for PBXNativeTarget "ImgurGallerySearchSwiftUIUITests" */;
			buildPhases = (
				407CA10C2B4ED1C0004BE8F8 /* Sources */,
				407CA10D2B4ED1C0004BE8F8 /* Frameworks */,
				407CA10E2B4ED1C0004BE8F8 /* Resources */,
			);
			buildRules = (
			);
			dependencies = (
				407CA1122B4ED1C0004BE8F8 /* PBXTargetDependency */,
			);
			name = ImgurGallerySearchSwiftUIUITests;
			productName = ImgurGallerySearchSwiftUIUITests;
			productReference = 407CA1102B4ED1C0004BE8F8 /* ImgurGallerySearchSwiftUIUITests.xctest */;
			productType = "com.apple.product-type.bundle.ui-testing";
		};
/* End PBXNativeTarget section */

/* Begin PBXProject section */
		407CA0EE2B4ED1BE004BE8F8 /* Project object */ = {
			isa = PBXProject;
			attributes = {
				BuildIndependentTargetsInParallel = 1;
				LastSwiftUpdateCheck = 1520;
				LastUpgradeCheck = 1520;
				TargetAttributes = {
					407CA0F52B4ED1BE004BE8F8 = {
						CreatedOnToolsVersion = 15.2;
					};
					407CA1052B4ED1C0004BE8F8 = {
						CreatedOnToolsVersion = 15.2;
						TestTargetID = 407CA0F52B4ED1BE004BE8F8;
					};
					407CA10F2B4ED1C0004BE8F8 = {
						CreatedOnToolsVersion = 15.2;
						TestTargetID = 407CA0F52B4ED1BE004BE8F8;
					};
				};
			};
			buildConfigurationList = 407CA0F12B4ED1BE004BE8F8 /* Build configuration list for PBXProject "ImgurGallerySearchSwiftUI" */;
			compatibilityVersion = "Xcode 14.0";
			developmentRegion = en;
			hasScannedForEncodings = 0;
			knownRegions = (
				en,
				Base,
			);
			mainGroup = 407CA0ED2B4ED1BE004BE8F8;
			packageReferences = (
				407CA1452B4F2168004BE8F8 /* XCRemoteSwiftPackageReference "Alamofire" */,
				407CA1552B4F30BE004BE8F8 /* XCRemoteSwiftPackageReference "SDWebImageSwiftUI" */,
			);
			productRefGroup = 407CA0F72B4ED1BE004BE8F8 /* Products */;
			projectDirPath = "";
			projectRoot = "";
			targets = (
				407CA0F52B4ED1BE004BE8F8 /* ImgurGallerySearchSwiftUI */,
				407CA1052B4ED1C0004BE8F8 /* ImgurGallerySearchSwiftUITests */,
				407CA10F2B4ED1C0004BE8F8 /* ImgurGallerySearchSwiftUIUITests */,
			);
		};
/* End PBXProject section */

/* Begin PBXResourcesBuildPhase section */
		407CA0F42B4ED1BE004BE8F8 /* Resources */ = {
			isa = PBXResourcesBuildPhase;
			buildActionMask = 2147483647;
			files = (
				407CA1012B4ED1C0004BE8F8 /* Preview Assets.xcassets in Resources */,
				407CA0FE2B4ED1C0004BE8F8 /* Assets.xcassets in Resources */,
			);
			runOnlyForDeploymentPostprocessing = 0;
		};
		407CA1042B4ED1C0004BE8F8 /* Resources */ = {
			isa = PBXResourcesBuildPhase;
			buildActionMask = 2147483647;
			files = (
			);
			runOnlyForDeploymentPostprocessing = 0;
		};
		407CA10E2B4ED1C0004BE8F8 /* Resources */ = {
			isa = PBXResourcesBuildPhase;
			buildActionMask = 2147483647;
			files = (
			);
			runOnlyForDeploymentPostprocessing = 0;
		};
/* End PBXResourcesBuildPhase section */

/* Begin PBXSourcesBuildPhase section */
		407CA0F22B4ED1BE004BE8F8 /* Sources */ = {
			isa = PBXSourcesBuildPhase;
			buildActionMask = 2147483647;
			files = (
				407CA1322B4F1D4D004BE8F8 /* Date+Extension.swift in Sources */,
				407CA1282B4EFC8A004BE8F8 /* HomeContentView.swift in Sources */,
				4002BA452B4FC63C00EB7A77 /* SearchBar.swift in Sources */,
				407CA14C2B4F21DF004BE8F8 /* TagsEntity.swift in Sources */,
				407CA1442B4F20BC004BE8F8 /* APIManager.swift in Sources */,
				407CA1432B4F20BC004BE8F8 /* Constant.swift in Sources */,
				407CA12A2B4EFD0E004BE8F8 /* HomeViewModel.swift in Sources */,
				407CA13F2B4F20BC004BE8F8 /* EndPointType.swift in Sources */,
				407CA1402B4F20BC004BE8F8 /* ImgurGalleryEndpoint.swift in Sources */,
				407CA1542B4F2CEF004BE8F8 /* AsyncImageView.swift in Sources */,
				407CA0FA2B4ED1BE004BE8F8 /* ImgurGallerySearchSwiftUIApp.swift in Sources */,
				407CA14F2B4F21DF004BE8F8 /* GalleryDataEntity.swift in Sources */,
				407CA14E2B4F21DF004BE8F8 /* ImageEntity.swift in Sources */,
				407CA1422B4F20BC004BE8F8 /* Reachability.swift in Sources */,
				407CA14D2B4F21DF004BE8F8 /* AlbumEntity.swift in Sources */,
			);
			runOnlyForDeploymentPostprocessing = 0;
		};
		407CA1022B4ED1C0004BE8F8 /* Sources */ = {
			isa = PBXSourcesBuildPhase;
			buildActionMask = 2147483647;
			files = (
				407CA10B2B4ED1C0004BE8F8 /* ImgurGallerySearchSwiftUITests.swift in Sources */,
			);
			runOnlyForDeploymentPostprocessing = 0;
		};
		407CA10C2B4ED1C0004BE8F8 /* Sources */ = {
			isa = PBXSourcesBuildPhase;
			buildActionMask = 2147483647;
			files = (
				407CA1172B4ED1C0004BE8F8 /* ImgurGallerySearchSwiftUIUITestsLaunchTests.swift in Sources */,
				407CA1152B4ED1C0004BE8F8 /* ImgurGallerySearchSwiftUIUITests.swift in Sources */,
			);
			runOnlyForDeploymentPostprocessing = 0;
		};
/* End PBXSourcesBuildPhase section */

/* Begin PBXTargetDependency section */
		407CA1082B4ED1C0004BE8F8 /* PBXTargetDependency */ = {
			isa = PBXTargetDependency;
			target = 407CA0F52B4ED1BE004BE8F8 /* ImgurGallerySearchSwiftUI */;
			targetProxy = 407CA1072B4ED1C0004BE8F8 /* PBXContainerItemProxy */;
		};
		407CA1122B4ED1C0004BE8F8 /* PBXTargetDependency */ = {
			isa = PBXTargetDependency;
			target = 407CA0F52B4ED1BE004BE8F8 /* ImgurGallerySearchSwiftUI */;
			targetProxy = 407CA1112B4ED1C0004BE8F8 /* PBXContainerItemProxy */;
		};
/* End PBXTargetDependency section */

/* Begin XCBuildConfiguration section */
		407CA1182B4ED1C0004BE8F8 /* Debug */ = {
			isa = XCBuildConfiguration;
			buildSettings = {
				ALWAYS_SEARCH_USER_PATHS = NO;
				ASSETCATALOG_COMPILER_GENERATE_SWIFT_ASSET_SYMBOL_EXTENSIONS = YES;
				CLANG_ANALYZER_NONNULL = YES;
				CLANG_ANALYZER_NUMBER_OBJECT_CONVERSION = YES_AGGRESSIVE;
				CLANG_CXX_LANGUAGE_STANDARD = "gnu++20";
				CLANG_ENABLE_MODULES = YES;
				CLANG_ENABLE_OBJC_ARC = YES;
				CLANG_ENABLE_OBJC_WEAK = YES;
				CLANG_WARN_BLOCK_CAPTURE_AUTORELEASING = YES;
				CLANG_WARN_BOOL_CONVERSION = YES;
				CLANG_WARN_COMMA = YES;
				CLANG_WARN_CONSTANT_CONVERSION = YES;
				CLANG_WARN_DEPRECATED_OBJC_IMPLEMENTATIONS = YES;
				CLANG_WARN_DIRECT_OBJC_ISA_USAGE = YES_ERROR;
				CLANG_WARN_DOCUMENTATION_COMMENTS = YES;
				CLANG_WARN_EMPTY_BODY = YES;
				CLANG_WARN_ENUM_CONVERSION = YES;
				CLANG_WARN_INFINITE_RECURSION = YES;
				CLANG_WARN_INT_CONVERSION = YES;
				CLANG_WARN_NON_LITERAL_NULL_CONVERSION = YES;
				CLANG_WARN_OBJC_IMPLICIT_RETAIN_SELF = YES;
				CLANG_WARN_OBJC_LITERAL_CONVERSION = YES;
				CLANG_WARN_OBJC_ROOT_CLASS = YES_ERROR;
				CLANG_WARN_QUOTED_INCLUDE_IN_FRAMEWORK_HEADER = YES;
				CLANG_WARN_RANGE_LOOP_ANALYSIS = YES;
				CLANG_WARN_STRICT_PROTOTYPES = YES;
				CLANG_WARN_SUSPICIOUS_MOVE = YES;
				CLANG_WARN_UNGUARDED_AVAILABILITY = YES_AGGRESSIVE;
				CLANG_WARN_UNREACHABLE_CODE = YES;
				CLANG_WARN__DUPLICATE_METHOD_MATCH = YES;
				COPY_PHASE_STRIP = NO;
				DEBUG_INFORMATION_FORMAT = dwarf;
				ENABLE_STRICT_OBJC_MSGSEND = YES;
				ENABLE_TESTABILITY = YES;
				ENABLE_USER_SCRIPT_SANDBOXING = YES;
				GCC_C_LANGUAGE_STANDARD = gnu17;
				GCC_DYNAMIC_NO_PIC = NO;
				GCC_NO_COMMON_BLOCKS = YES;
				GCC_OPTIMIZATION_LEVEL = 0;
				GCC_PREPROCESSOR_DEFINITIONS = (
					"DEBUG=1",
					"$(inherited)",
				);
				GCC_WARN_64_TO_32_BIT_CONVERSION = YES;
				GCC_WARN_ABOUT_RETURN_TYPE = YES_ERROR;
				GCC_WARN_UNDECLARED_SELECTOR = YES;
				GCC_WARN_UNINITIALIZED_AUTOS = YES_AGGRESSIVE;
				GCC_WARN_UNUSED_FUNCTION = YES;
				GCC_WARN_UNUSED_VARIABLE = YES;
				IPHONEOS_DEPLOYMENT_TARGET = 17.2;
				LOCALIZATION_PREFERS_STRING_CATALOGS = YES;
				MTL_ENABLE_DEBUG_INFO = INCLUDE_SOURCE;
				MTL_FAST_MATH = YES;
				ONLY_ACTIVE_ARCH = YES;
				SDKROOT = iphoneos;
				SWIFT_ACTIVE_COMPILATION_CONDITIONS = "DEBUG $(inherited)";
				SWIFT_OPTIMIZATION_LEVEL = "-Onone";
			};
			name = Debug;
		};
		407CA1192B4ED1C0004BE8F8 /* Release */ = {
			isa = XCBuildConfiguration;
			buildSettings = {
				ALWAYS_SEARCH_USER_PATHS = NO;
				ASSETCATALOG_COMPILER_GENERATE_SWIFT_ASSET_SYMBOL_EXTENSIONS = YES;
				CLANG_ANALYZER_NONNULL = YES;
				CLANG_ANALYZER_NUMBER_OBJECT_CONVERSION = YES_AGGRESSIVE;
				CLANG_CXX_LANGUAGE_STANDARD = "gnu++20";
				CLANG_ENABLE_MODULES = YES;
				CLANG_ENABLE_OBJC_ARC = YES;
				CLANG_ENABLE_OBJC_WEAK = YES;
				CLANG_WARN_BLOCK_CAPTURE_AUTORELEASING = YES;
				CLANG_WARN_BOOL_CONVERSION = YES;
				CLANG_WARN_COMMA = YES;
				CLANG_WARN_CONSTANT_CONVERSION = YES;
				CLANG_WARN_DEPRECATED_OBJC_IMPLEMENTATIONS = YES;
				CLANG_WARN_DIRECT_OBJC_ISA_USAGE = YES_ERROR;
				CLANG_WARN_DOCUMENTATION_COMMENTS = YES;
				CLANG_WARN_EMPTY_BODY = YES;
				CLANG_WARN_ENUM_CONVERSION = YES;
				CLANG_WARN_INFINITE_RECURSION = YES;
				CLANG_WARN_INT_CONVERSION = YES;
				CLANG_WARN_NON_LITERAL_NULL_CONVERSION = YES;
				CLANG_WARN_OBJC_IMPLICIT_RETAIN_SELF = YES;
				CLANG_WARN_OBJC_LITERAL_CONVERSION = YES;
				CLANG_WARN_OBJC_ROOT_CLASS = YES_ERROR;
				CLANG_WARN_QUOTED_INCLUDE_IN_FRAMEWORK_HEADER = YES;
				CLANG_WARN_RANGE_LOOP_ANALYSIS = YES;
				CLANG_WARN_STRICT_PROTOTYPES = YES;
				CLANG_WARN_SUSPICIOUS_MOVE = YES;
				CLANG_WARN_UNGUARDED_AVAILABILITY = YES_AGGRESSIVE;
				CLANG_WARN_UNREACHABLE_CODE = YES;
				CLANG_WARN__DUPLICATE_METHOD_MATCH = YES;
				COPY_PHASE_STRIP = NO;
				DEBUG_INFORMATION_FORMAT = "dwarf-with-dsym";
				ENABLE_NS_ASSERTIONS = NO;
				ENABLE_STRICT_OBJC_MSGSEND = YES;
				ENABLE_USER_SCRIPT_SANDBOXING = YES;
				GCC_C_LANGUAGE_STANDARD = gnu17;
				GCC_NO_COMMON_BLOCKS = YES;
				GCC_WARN_64_TO_32_BIT_CONVERSION = YES;
				GCC_WARN_ABOUT_RETURN_TYPE = YES_ERROR;
				GCC_WARN_UNDECLARED_SELECTOR = YES;
				GCC_WARN_UNINITIALIZED_AUTOS = YES_AGGRESSIVE;
				GCC_WARN_UNUSED_FUNCTION = YES;
				GCC_WARN_UNUSED_VARIABLE = YES;
				IPHONEOS_DEPLOYMENT_TARGET = 17.2;
				LOCALIZATION_PREFERS_STRING_CATALOGS = YES;
				MTL_ENABLE_DEBUG_INFO = NO;
				MTL_FAST_MATH = YES;
				SDKROOT = iphoneos;
				SWIFT_COMPILATION_MODE = wholemodule;
				VALIDATE_PRODUCT = YES;
			};
			name = Release;
		};
		407CA11B2B4ED1C0004BE8F8 /* Debug */ = {
			isa = XCBuildConfiguration;
			buildSettings = {
				ASSETCATALOG_COMPILER_APPICON_NAME = AppIcon;
				ASSETCATALOG_COMPILER_GLOBAL_ACCENT_COLOR_NAME = AccentColor;
				CODE_SIGN_STYLE = Automatic;
				CURRENT_PROJECT_VERSION = 1;
				DEVELOPMENT_ASSET_PATHS = "\"ImgurGallerySearchSwiftUI/Preview Content\"";
				ENABLE_PREVIEWS = YES;
				GENERATE_INFOPLIST_FILE = YES;
				INFOPLIST_KEY_UIApplicationSceneManifest_Generation = YES;
				INFOPLIST_KEY_UIApplicationSupportsIndirectInputEvents = YES;
				INFOPLIST_KEY_UILaunchScreen_Generation = YES;
				INFOPLIST_KEY_UISupportedInterfaceOrientations = "UIInterfaceOrientationPortrait UIInterfaceOrientationPortraitUpsideDown";
				INFOPLIST_KEY_UISupportedInterfaceOrientations_iPad = "UIInterfaceOrientationLandscapeLeft UIInterfaceOrientationLandscapeRight UIInterfaceOrientationPortrait UIInterfaceOrientationPortraitUpsideDown";
				LD_RUNPATH_SEARCH_PATHS = (
					"$(inherited)",
					"@executable_path/Frameworks",
				);
				MARKETING_VERSION = 1.0;
				PRODUCT_BUNDLE_IDENTIFIER = ios.ImgurGallerySearchSwiftUI;
				PRODUCT_NAME = "$(TARGET_NAME)";
				SUPPORTED_PLATFORMS = "iphoneos iphonesimulator";
				SUPPORTS_MACCATALYST = NO;
				SWIFT_EMIT_LOC_STRINGS = YES;
				SWIFT_VERSION = 5.0;
				TARGETED_DEVICE_FAMILY = 1;
			};
			name = Debug;
		};
		407CA11C2B4ED1C0004BE8F8 /* Release */ = {
			isa = XCBuildConfiguration;
			buildSettings = {
				ASSETCATALOG_COMPILER_APPICON_NAME = AppIcon;
				ASSETCATALOG_COMPILER_GLOBAL_ACCENT_COLOR_NAME = AccentColor;
				CODE_SIGN_STYLE = Automatic;
				CURRENT_PROJECT_VERSION = 1;
				DEVELOPMENT_ASSET_PATHS = "\"ImgurGallerySearchSwiftUI/Preview Content\"";
				ENABLE_PREVIEWS = YES;
				GENERATE_INFOPLIST_FILE = YES;
				INFOPLIST_KEY_UIApplicationSceneManifest_Generation = YES;
				INFOPLIST_KEY_UIApplicationSupportsIndirectInputEvents = YES;
				INFOPLIST_KEY_UILaunchScreen_Generation = YES;
				INFOPLIST_KEY_UISupportedInterfaceOrientations = "UIInterfaceOrientationPortrait UIInterfaceOrientationPortraitUpsideDown";
				INFOPLIST_KEY_UISupportedInterfaceOrientations_iPad = "UIInterfaceOrientationLandscapeLeft UIInterfaceOrientationLandscapeRight UIInterfaceOrientationPortrait UIInterfaceOrientationPortraitUpsideDown";
				LD_RUNPATH_SEARCH_PATHS = (
					"$(inherited)",
					"@executable_path/Frameworks",
				);
				MARKETING_VERSION = 1.0;
				PRODUCT_BUNDLE_IDENTIFIER = ios.ImgurGallerySearchSwiftUI;
				PRODUCT_NAME = "$(TARGET_NAME)";
				SUPPORTED_PLATFORMS = "iphoneos iphonesimulator";
				SUPPORTS_MACCATALYST = NO;
				SWIFT_EMIT_LOC_STRINGS = YES;
				SWIFT_VERSION = 5.0;
				TARGETED_DEVICE_FAMILY = 1;
			};
			name = Release;
		};
		407CA11E2B4ED1C0004BE8F8 /* Debug */ = {
			isa = XCBuildConfiguration;
			buildSettings = {
				ALWAYS_EMBED_SWIFT_STANDARD_LIBRARIES = YES;
				BUNDLE_LOADER = "$(TEST_HOST)";
				CODE_SIGN_STYLE = Automatic;
				CURRENT_PROJECT_VERSION = 1;
				GENERATE_INFOPLIST_FILE = YES;
				IPHONEOS_DEPLOYMENT_TARGET = 17.2;
				MARKETING_VERSION = 1.0;
				PRODUCT_BUNDLE_IDENTIFIER = ios.ImgurGallerySearchSwiftUITests;
				PRODUCT_NAME = "$(TARGET_NAME)";
				SWIFT_EMIT_LOC_STRINGS = NO;
				SWIFT_VERSION = 5.0;
				TARGETED_DEVICE_FAMILY = "1,2";
				TEST_HOST = "$(BUILT_PRODUCTS_DIR)/ImgurGallerySearchSwiftUI.app/$(BUNDLE_EXECUTABLE_FOLDER_PATH)/ImgurGallerySearchSwiftUI";
			};
			name = Debug;
		};
		407CA11F2B4ED1C0004BE8F8 /* Release */ = {
			isa = XCBuildConfiguration;
			buildSettings = {
				ALWAYS_EMBED_SWIFT_STANDARD_LIBRARIES = YES;
				BUNDLE_LOADER = "$(TEST_HOST)";
				CODE_SIGN_STYLE = Automatic;
				CURRENT_PROJECT_VERSION = 1;
				GENERATE_INFOPLIST_FILE = YES;
				IPHONEOS_DEPLOYMENT_TARGET = 17.2;
				MARKETING_VERSION = 1.0;
				PRODUCT_BUNDLE_IDENTIFIER = ios.ImgurGallerySearchSwiftUITests;
				PRODUCT_NAME = "$(TARGET_NAME)";
				SWIFT_EMIT_LOC_STRINGS = NO;
				SWIFT_VERSION = 5.0;
				TARGETED_DEVICE_FAMILY = "1,2";
				TEST_HOST = "$(BUILT_PRODUCTS_DIR)/ImgurGallerySearchSwiftUI.app/$(BUNDLE_EXECUTABLE_FOLDER_PATH)/ImgurGallerySearchSwiftUI";
			};
			name = Release;
		};
		407CA1212B4ED1C0004BE8F8 /* Debug */ = {
			isa = XCBuildConfiguration;
			buildSettings = {
				ALWAYS_EMBED_SWIFT_STANDARD_LIBRARIES = YES;
				CODE_SIGN_STYLE = Automatic;
				CURRENT_PROJECT_VERSION = 1;
				GENERATE_INFOPLIST_FILE = YES;
				MARKETING_VERSION = 1.0;
				PRODUCT_BUNDLE_IDENTIFIER = ios.ImgurGallerySearchSwiftUIUITests;
				PRODUCT_NAME = "$(TARGET_NAME)";
				SWIFT_EMIT_LOC_STRINGS = NO;
				SWIFT_VERSION = 5.0;
				TARGETED_DEVICE_FAMILY = "1,2";
				TEST_TARGET_NAME = ImgurGallerySearchSwiftUI;
			};
			name = Debug;
		};
		407CA1222B4ED1C0004BE8F8 /* Release */ = {
			isa = XCBuildConfiguration;
			buildSettings = {
				ALWAYS_EMBED_SWIFT_STANDARD_LIBRARIES = YES;
				CODE_SIGN_STYLE = Automatic;
				CURRENT_PROJECT_VERSION = 1;
				GENERATE_INFOPLIST_FILE = YES;
				MARKETING_VERSION = 1.0;
				PRODUCT_BUNDLE_IDENTIFIER = ios.ImgurGallerySearchSwiftUIUITests;
				PRODUCT_NAME = "$(TARGET_NAME)";
				SWIFT_EMIT_LOC_STRINGS = NO;
				SWIFT_VERSION = 5.0;
				TARGETED_DEVICE_FAMILY = "1,2";
				TEST_TARGET_NAME = ImgurGallerySearchSwiftUI;
			};
			name = Release;
		};
/* End XCBuildConfiguration section */

/* Begin XCConfigurationList section */
		407CA0F12B4ED1BE004BE8F8 /* Build configuration list for PBXProject "ImgurGallerySearchSwiftUI" */ = {
			isa = XCConfigurationList;
			buildConfigurations = (
				407CA1182B4ED1C0004BE8F8 /* Debug */,
				407CA1192B4ED1C0004BE8F8 /* Release */,
			);
			defaultConfigurationIsVisible = 0;
			defaultConfigurationName = Release;
		};
		407CA11A2B4ED1C0004BE8F8 /* Build configuration list for PBXNativeTarget "ImgurGallerySearchSwiftUI" */ = {
			isa = XCConfigurationList;
			buildConfigurations = (
				407CA11B2B4ED1C0004BE8F8 /* Debug */,
				407CA11C2B4ED1C0004BE8F8 /* Release */,
			);
			defaultConfigurationIsVisible = 0;
			defaultConfigurationName = Release;
		};
		407CA11D2B4ED1C0004BE8F8 /* Build configuration list for PBXNativeTarget "ImgurGallerySearchSwiftUITests" */ = {
			isa = XCConfigurationList;
			buildConfigurations = (
				407CA11E2B4ED1C0004BE8F8 /* Debug */,
				407CA11F2B4ED1C0004BE8F8 /* Release */,
			);
			defaultConfigurationIsVisible = 0;
			defaultConfigurationName = Release;
		};
		407CA1202B4ED1C0004BE8F8 /* Build configuration list for PBXNativeTarget "ImgurGallerySearchSwiftUIUITests" */ = {
			isa = XCConfigurationList;
			buildConfigurations = (
				407CA1212B4ED1C0004BE8F8 /* Debug */,
				407CA1222B4ED1C0004BE8F8 /* Release */,
			);
			defaultConfigurationIsVisible = 0;
			defaultConfigurationName = Release;
		};
/* End XCConfigurationList section */

/* Begin XCRemoteSwiftPackageReference section */
		407CA1452B4F2168004BE8F8 /* XCRemoteSwiftPackageReference "Alamofire" */ = {
			isa = XCRemoteSwiftPackageReference;
			repositoryURL = "https://github.com/Alamofire/Alamofire.git";
			requirement = {
				kind = upToNextMajorVersion;
				minimumVersion = 5.8.1;
			};
		};
		407CA1552B4F30BE004BE8F8 /* XCRemoteSwiftPackageReference "SDWebImageSwiftUI" */ = {
			isa = XCRemoteSwiftPackageReference;
			repositoryURL = "https://github.com/SDWebImage/SDWebImageSwiftUI";
			requirement = {
				kind = upToNextMajorVersion;
				minimumVersion = 2.2.6;
			};
		};
/* End XCRemoteSwiftPackageReference section */

/* Begin XCSwiftPackageProductDependency section */
		407CA1462B4F2168004BE8F8 /* Alamofire */ = {
			isa = XCSwiftPackageProductDependency;
			package = 407CA1452B4F2168004BE8F8 /* XCRemoteSwiftPackageReference "Alamofire" */;
			productName = Alamofire;
		};
		407CA1562B4F30BE004BE8F8 /* SDWebImageSwiftUI */ = {
			isa = XCSwiftPackageProductDependency;
			package = 407CA1552B4F30BE004BE8F8 /* XCRemoteSwiftPackageReference "SDWebImageSwiftUI" */;
			productName = SDWebImageSwiftUI;
		};
/* End XCSwiftPackageProductDependency section */
	};
	rootObject = 407CA0EE2B4ED1BE004BE8F8 /* Project object */;
}
